
Microsoft Visual Studio Solution File, Format Version 12.00
# Visual Studio 2013
VisualStudioVersion = 12.0.30723.0
MinimumVisualStudioVersion = 10.0.40219.1
Project("{FAE04EC0-301F-11D3-BF4B-00C04F79EFBC}") = "Munq.IocContainer", "sm\munq\IocContainer\Munq.IocContainer\Munq.IocContainer.csproj", "{3A5BC8F1-5817-4B0E-A82B-D92FFC5BE440}"
EndProject
Project("{2150E333-8FDC-42A3-9474-1A3956D46DE8}") = "Submodules", "Submodules", "{3A2E84CD-910B-4831-9661-89FB61C28C55}"
EndProject
Project("{FAE04EC0-301F-11D3-BF4B-00C04F79EFBC}") = "StackExchange.Profiling", "sm\miniprofiler-dotnet\StackExchange.Profiling\StackExchange.Profiling.csproj", "{386222BD-6B6E-480F-A342-8DE1AB516E2C}"
EndProject
Project("{FAE04EC0-301F-11D3-BF4B-00C04F79EFBC}") = "StackExchange.Profiling.Mvc", "sm\miniprofiler-dotnet\StackExchange.Profiling.Mvc\StackExchange.Profiling.Mvc.csproj", "{074BCD84-3E44-4140-9918-C09FCBEEC09F}"
EndProject
Project("{00D1A9C2-B5F0-4AF3-8072-F6C62B433612}") = "BlogOne.Database", "BlogOne.Database\BlogOne.Database.sqlproj", "{22327701-8D54-40EB-A336-09EC4456EB5F}"
EndProject
Project("{FAE04EC0-301F-11D3-BF4B-00C04F79EFBC}") = "BlogOne.Shortner", "BlogOne.Shortner\BlogOne.Shortner.csproj", "{78AE9701-BF1F-4246-AD8E-682EF750D450}"
EndProject
Project("{FAE04EC0-301F-11D3-BF4B-00C04F79EFBC}") = "BlogOne.Common", "BlogOne.Common\BlogOne.Common.csproj", "{551241EB-4961-438A-963A-5A31131F700A}"
EndProject
Project("{FAE04EC0-301F-11D3-BF4B-00C04F79EFBC}") = "BlogOne.Web", "BlogOne.Web\BlogOne.Web.csproj", "{845CBF4B-75BE-435E-9BB4-6281B192BE22}"
EndProject
Global
	GlobalSection(SolutionConfigurationPlatforms) = preSolution
		Debug|Any CPU = Debug|Any CPU
		Log Output|Any CPU = Log Output|Any CPU
		Release|Any CPU = Release|Any CPU
		Verbose|Any CPU = Verbose|Any CPU
	EndGlobalSection
	GlobalSection(ProjectConfigurationPlatforms) = postSolution
		{3A5BC8F1-5817-4B0E-A82B-D92FFC5BE440}.Debug|Any CPU.ActiveCfg = Debug|Any CPU
		{3A5BC8F1-5817-4B0E-A82B-D92FFC5BE440}.Debug|Any CPU.Build.0 = Debug|Any CPU
		{3A5BC8F1-5817-4B0E-A82B-D92FFC5BE440}.Log Output|Any CPU.ActiveCfg = Release|Any CPU
		{3A5BC8F1-5817-4B0E-A82B-D92FFC5BE440}.Log Output|Any CPU.Build.0 = Release|Any CPU
		{3A5BC8F1-5817-4B0E-A82B-D92FFC5BE440}.Release|Any CPU.ActiveCfg = Release|Any CPU
		{3A5BC8F1-5817-4B0E-A82B-D92FFC5BE440}.Release|Any CPU.Build.0 = Release|Any CPU
		{3A5BC8F1-5817-4B0E-A82B-D92FFC5BE440}.Verbose|Any CPU.ActiveCfg = Release|Any CPU
		{3A5BC8F1-5817-4B0E-A82B-D92FFC5BE440}.Verbose|Any CPU.Build.0 = Release|Any CPU
		{386222BD-6B6E-480F-A342-8DE1AB516E2C}.Debug|Any CPU.ActiveCfg = Debug|Any CPU
		{386222BD-6B6E-480F-A342-8DE1AB516E2C}.Debug|Any CPU.Build.0 = Debug|Any CPU
		{386222BD-6B6E-480F-A342-8DE1AB516E2C}.Log Output|Any CPU.ActiveCfg = Release|Any CPU
		{386222BD-6B6E-480F-A342-8DE1AB516E2C}.Log Output|Any CPU.Build.0 = Release|Any CPU
		{386222BD-6B6E-480F-A342-8DE1AB516E2C}.Release|Any CPU.ActiveCfg = Release|Any CPU
		{386222BD-6B6E-480F-A342-8DE1AB516E2C}.Release|Any CPU.Build.0 = Release|Any CPU
		{386222BD-6B6E-480F-A342-8DE1AB516E2C}.Verbose|Any CPU.ActiveCfg = Release|Any CPU
		{386222BD-6B6E-480F-A342-8DE1AB516E2C}.Verbose|Any CPU.Build.0 = Release|Any CPU
		{074BCD84-3E44-4140-9918-C09FCBEEC09F}.Debug|Any CPU.ActiveCfg = Debug|Any CPU
		{074BCD84-3E44-4140-9918-C09FCBEEC09F}.Debug|Any CPU.Build.0 = Debug|Any CPU
		{074BCD84-3E44-4140-9918-C09FCBEEC09F}.Log Output|Any CPU.ActiveCfg = Release|Any CPU
		{074BCD84-3E44-4140-9918-C09FCBEEC09F}.Log Output|Any CPU.Build.0 = Release|Any CPU
		{074BCD84-3E44-4140-9918-C09FCBEEC09F}.Release|Any CPU.ActiveCfg = Release|Any CPU
		{074BCD84-3E44-4140-9918-C09FCBEEC09F}.Release|Any CPU.Build.0 = Release|Any CPU
		{074BCD84-3E44-4140-9918-C09FCBEEC09F}.Verbose|Any CPU.ActiveCfg = Release|Any CPU
		{074BCD84-3E44-4140-9918-C09FCBEEC09F}.Verbose|Any CPU.Build.0 = Release|Any CPU
		{22327701-8D54-40EB-A336-09EC4456EB5F}.Debug|Any CPU.ActiveCfg = Debug|Any CPU
		{22327701-8D54-40EB-A336-09EC4456EB5F}.Debug|Any CPU.Build.0 = Debug|Any CPU
		{22327701-8D54-40EB-A336-09EC4456EB5F}.Debug|Any CPU.Deploy.0 = Debug|Any CPU
		{22327701-8D54-40EB-A336-09EC4456EB5F}.Log Output|Any CPU.ActiveCfg = Release|Any CPU
		{22327701-8D54-40EB-A336-09EC4456EB5F}.Log Output|Any CPU.Build.0 = Release|Any CPU
		{22327701-8D54-40EB-A336-09EC4456EB5F}.Log Output|Any CPU.Deploy.0 = Release|Any CPU
		{22327701-8D54-40EB-A336-09EC4456EB5F}.Release|Any CPU.ActiveCfg = Release|Any CPU
		{22327701-8D54-40EB-A336-09EC4456EB5F}.Release|Any CPU.Build.0 = Release|Any CPU
		{22327701-8D54-40EB-A336-09EC4456EB5F}.Release|Any CPU.Deploy.0 = Release|Any CPU
		{22327701-8D54-40EB-A336-09EC4456EB5F}.Verbose|Any CPU.ActiveCfg = Release|Any CPU
		{22327701-8D54-40EB-A336-09EC4456EB5F}.Verbose|Any CPU.Build.0 = Release|Any CPU
		{22327701-8D54-40EB-A336-09EC4456EB5F}.Verbose|Any CPU.Deploy.0 = Release|Any CPU
		{78AE9701-BF1F-4246-AD8E-682EF750D450}.Debug|Any CPU.ActiveCfg = Debug|Any CPU
		{78AE9701-BF1F-4246-AD8E-682EF750D450}.Debug|Any CPU.Build.0 = Debug|Any CPU
		{78AE9701-BF1F-4246-AD8E-682EF750D450}.Log Output|Any CPU.ActiveCfg = Release|Any CPU
		{78AE9701-BF1F-4246-AD8E-682EF750D450}.Log Output|Any CPU.Build.0 = Release|Any CPU
		{78AE9701-BF1F-4246-AD8E-682EF750D450}.Release|Any CPU.ActiveCfg = Release|Any CPU
		{78AE9701-BF1F-4246-AD8E-682EF750D450}.Release|Any CPU.Build.0 = Release|Any CPU
		{78AE9701-BF1F-4246-AD8E-682EF750D450}.Verbose|Any CPU.ActiveCfg = Release|Any CPU
		{78AE9701-BF1F-4246-AD8E-682EF750D450}.Verbose|Any CPU.Build.0 = Release|Any CPU
		{551241EB-4961-438A-963A-5A31131F700A}.Debug|Any CPU.ActiveCfg = Debug|Any CPU
		{551241EB-4961-438A-963A-5A31131F700A}.Debug|Any CPU.Build.0 = Debug|Any CPU
		{551241EB-4961-438A-963A-5A31131F700A}.Log Output|Any CPU.ActiveCfg = Release|Any CPU
		{551241EB-4961-438A-963A-5A31131F700A}.Log Output|Any CPU.Build.0 = Release|Any CPU
		{551241EB-4961-438A-963A-5A31131F700A}.Release|Any CPU.ActiveCfg = Release|Any CPU
		{551241EB-4961-438A-963A-5A31131F700A}.Release|Any CPU.Build.0 = Release|Any CPU
		{551241EB-4961-438A-963A-5A31131F700A}.Verbose|Any CPU.ActiveCfg = Release|Any CPU
		{551241EB-4961-438A-963A-5A31131F700A}.Verbose|Any CPU.Build.0 = Release|Any CPU
		{845CBF4B-75BE-435E-9BB4-6281B192BE22}.Debug|Any CPU.ActiveCfg = Debug|Any CPU
		{845CBF4B-75BE-435E-9BB4-6281B192BE22}.Debug|Any CPU.Build.0 = Debug|Any CPU
		{845CBF4B-75BE-435E-9BB4-6281B192BE22}.Log Output|Any CPU.ActiveCfg = Release|Any CPU
		{845CBF4B-75BE-435E-9BB4-6281B192BE22}.Log Output|Any CPU.Build.0 = Release|Any CPU
		{845CBF4B-75BE-435E-9BB4-6281B192BE22}.Release|Any CPU.ActiveCfg = Release|Any CPU
		{845CBF4B-75BE-435E-9BB4-6281B192BE22}.Release|Any CPU.Build.0 = Release|Any CPU
		{845CBF4B-75BE-435E-9BB4-6281B192BE22}.Verbose|Any CPU.ActiveCfg = Release|Any CPU
		{845CBF4B-75BE-435E-9BB4-6281B192BE22}.Verbose|Any CPU.Build.0 = Release|Any CPU
	EndGlobalSection
	GlobalSection(SolutionProperties) = preSolution
		HideSolutionNode = FALSE
	EndGlobalSection
	GlobalSection(NestedProjects) = preSolution
		{3A5BC8F1-5817-4B0E-A82B-D92FFC5BE440} = {3A2E84CD-910B-4831-9661-89FB61C28C55}
		{386222BD-6B6E-480F-A342-8DE1AB516E2C} = {3A2E84CD-910B-4831-9661-89FB61C28C55}
		{074BCD84-3E44-4140-9918-C09FCBEEC09F} = {3A2E84CD-910B-4831-9661-89FB61C28C55}
	EndGlobalSection
EndGlobal
